// !$*UTF8*$!
{
	archiveVersion = 1;
	classes = {
	};
	objectVersion = 51;
	objects = {

/* Begin PBXBuildFile section */
		C3B2B041250FEEC40030F563 /* AppDelegate.swift in Sources */ = {isa = PBXBuildFile; fileRef = C3B2B040250FEEC40030F563 /* AppDelegate.swift */; };
		C3B2B043250FEEC40030F563 /* SceneDelegate.swift in Sources */ = {isa = PBXBuildFile; fileRef = C3B2B042250FEEC40030F563 /* SceneDelegate.swift */; };
		C3B2B048250FEEC40030F563 /* Main.storyboard in Resources */ = {isa = PBXBuildFile; fileRef = C3B2B046250FEEC40030F563 /* Main.storyboard */; };
		C3B2B04B250FEEC40030F563 /* RushangLemonPractical.xcdatamodeld in Sources */ = {isa = PBXBuildFile; fileRef = C3B2B049250FEEC40030F563 /* RushangLemonPractical.xcdatamodeld */; };
		C3B2B04D250FEEC70030F563 /* Assets.xcassets in Resources */ = {isa = PBXBuildFile; fileRef = C3B2B04C250FEEC70030F563 /* Assets.xcassets */; };
		C3B2B050250FEEC70030F563 /* LaunchScreen.storyboard in Resources */ = {isa = PBXBuildFile; fileRef = C3B2B04E250FEEC70030F563 /* LaunchScreen.storyboard */; };
		C3D69BAC250FFDD90014EF06 /* CharactersListViewController.swift in Sources */ = {isa = PBXBuildFile; fileRef = C3D69BAB250FFDD90014EF06 /* CharactersListViewController.swift */; };
		C3D69BAE250FFEFA0014EF06 /* CharactersListViewModel.swift in Sources */ = {isa = PBXBuildFile; fileRef = C3D69BAD250FFEFA0014EF06 /* CharactersListViewModel.swift */; };
		C3D69BB1250FFFF30014EF06 /* Constant.swift in Sources */ = {isa = PBXBuildFile; fileRef = C3D69BB0250FFFF30014EF06 /* Constant.swift */; };
		C3D69BB3251004FE0014EF06 /* HTTPManager.swift in Sources */ = {isa = PBXBuildFile; fileRef = C3D69BB2251004FE0014EF06 /* HTTPManager.swift */; };
		C3D69BB5251006030014EF06 /* CharactersListModel.swift in Sources */ = {isa = PBXBuildFile; fileRef = C3D69BB4251006030014EF06 /* CharactersListModel.swift */; };
		FB539E0AC6E983997886A5E6 /* Pods_RushangLemonPractical.framework in Frameworks */ = {isa = PBXBuildFile; fileRef = D4D70F3D11D0E449DDEF96F9 /* Pods_RushangLemonPractical.framework */; };
/* End PBXBuildFile section */

/* Begin PBXFileReference section */
		3CA769CE98A951F22ED6903D /* Pods-RushangLemonPractical.debug.xcconfig */ = {isa = PBXFileReference; includeInIndex = 1; lastKnownFileType = text.xcconfig; name = "Pods-RushangLemonPractical.debug.xcconfig"; path = "Target Support Files/Pods-RushangLemonPractical/Pods-RushangLemonPractical.debug.xcconfig"; sourceTree = "<group>"; };
		46B86F8BD201365B12210E8B /* Pods-RushangLemonPractical.release.xcconfig */ = {isa = PBXFileReference; includeInIndex = 1; lastKnownFileType = text.xcconfig; name = "Pods-RushangLemonPractical.release.xcconfig"; path = "Target Support Files/Pods-RushangLemonPractical/Pods-RushangLemonPractical.release.xcconfig"; sourceTree = "<group>"; };
		C3B2B03D250FEEC40030F563 /* RushangLemonPractical.app */ = {isa = PBXFileReference; explicitFileType = wrapper.application; includeInIndex = 0; path = RushangLemonPractical.app; sourceTree = BUILT_PRODUCTS_DIR; };
		C3B2B040250FEEC40030F563 /* AppDelegate.swift */ = {isa = PBXFileReference; lastKnownFileType = sourcecode.swift; path = AppDelegate.swift; sourceTree = "<group>"; };
		C3B2B042250FEEC40030F563 /* SceneDelegate.swift */ = {isa = PBXFileReference; lastKnownFileType = sourcecode.swift; path = SceneDelegate.swift; sourceTree = "<group>"; };
		C3B2B047250FEEC40030F563 /* Base */ = {isa = PBXFileReference; lastKnownFileType = file.storyboard; name = Base; path = Base.lproj/Main.storyboard; sourceTree = "<group>"; };
		C3B2B04A250FEEC40030F563 /* RushangLemonPractical.xcdatamodel */ = {isa = PBXFileReference; lastKnownFileType = wrapper.xcdatamodel; path = RushangLemonPractical.xcdatamodel; sourceTree = "<group>"; };
		C3B2B04C250FEEC70030F563 /* Assets.xcassets */ = {isa = PBXFileReference; lastKnownFileType = folder.assetcatalog; path = Assets.xcassets; sourceTree = "<group>"; };
		C3B2B04F250FEEC70030F563 /* Base */ = {isa = PBXFileReference; lastKnownFileType = file.storyboard; name = Base; path = Base.lproj/LaunchScreen.storyboard; sourceTree = "<group>"; };
		C3B2B051250FEEC70030F563 /* Info.plist */ = {isa = PBXFileReference; lastKnownFileType = text.plist.xml; path = Info.plist; sourceTree = "<group>"; };
		C3D69BAB250FFDD90014EF06 /* CharactersListViewController.swift */ = {isa = PBXFileReference; lastKnownFileType = sourcecode.swift; path = CharactersListViewController.swift; sourceTree = "<group>"; };
		C3D69BAD250FFEFA0014EF06 /* CharactersListViewModel.swift */ = {isa = PBXFileReference; lastKnownFileType = sourcecode.swift; path = CharactersListViewModel.swift; sourceTree = "<group>"; };
		C3D69BB0250FFFF30014EF06 /* Constant.swift */ = {isa = PBXFileReference; fileEncoding = 4; lastKnownFileType = sourcecode.swift; path = Constant.swift; sourceTree = "<group>"; };
		C3D69BB2251004FE0014EF06 /* HTTPManager.swift */ = {isa = PBXFileReference; lastKnownFileType = sourcecode.swift; path = HTTPManager.swift; sourceTree = "<group>"; };
		C3D69BB4251006030014EF06 /* CharactersListModel.swift */ = {isa = PBXFileReference; lastKnownFileType = sourcecode.swift; path = CharactersListModel.swift; sourceTree = "<group>"; };
		D4D70F3D11D0E449DDEF96F9 /* Pods_RushangLemonPractical.framework */ = {isa = PBXFileReference; explicitFileType = wrapper.framework; includeInIndex = 0; path = Pods_RushangLemonPractical.framework; sourceTree = BUILT_PRODUCTS_DIR; };
/* End PBXFileReference section */

/* Begin PBXFrameworksBuildPhase section */
		C3B2B03A250FEEC40030F563 /* Frameworks */ = {
			isa = PBXFrameworksBuildPhase;
			buildActionMask = 2147483647;
			files = (
				FB539E0AC6E983997886A5E6 /* Pods_RushangLemonPractical.framework in Frameworks */,
			);
			runOnlyForDeploymentPostprocessing = 0;
		};
/* End PBXFrameworksBuildPhase section */

/* Begin PBXGroup section */
		2010A84D7DF3B3733CF5C581 /* Frameworks */ = {
			isa = PBXGroup;
			children = (
				D4D70F3D11D0E449DDEF96F9 /* Pods_RushangLemonPractical.framework */,
			);
			name = Frameworks;
			sourceTree = "<group>";
		};
		A7E0E4C73FF4AF34D6DB0DEC /* Pods */ = {
			isa = PBXGroup;
			children = (
				3CA769CE98A951F22ED6903D /* Pods-RushangLemonPractical.debug.xcconfig */,
				46B86F8BD201365B12210E8B /* Pods-RushangLemonPractical.release.xcconfig */,
			);
			path = Pods;
			sourceTree = "<group>";
		};
		C3B2B034250FEEC40030F563 = {
			isa = PBXGroup;
			children = (
				C3B2B03F250FEEC40030F563 /* RushangLemonPractical */,
				C3B2B03E250FEEC40030F563 /* Products */,
				A7E0E4C73FF4AF34D6DB0DEC /* Pods */,
				2010A84D7DF3B3733CF5C581 /* Frameworks */,
			);
			sourceTree = "<group>";
		};
		C3B2B03E250FEEC40030F563 /* Products */ = {
			isa = PBXGroup;
			children = (
				C3B2B03D250FEEC40030F563 /* RushangLemonPractical.app */,
			);
			name = Products;
			sourceTree = "<group>";
		};
		C3B2B03F250FEEC40030F563 /* RushangLemonPractical */ = {
			isa = PBXGroup;
			children = (
				C3B2B058250FF2630030F563 /* View */,
				C3B2B059250FF2630030F563 /* ViewModel */,
				C3B2B057250FF2630030F563 /* Model */,
				C3D69BAF250FFFB30014EF06 /* Utilities */,
				C3B2B040250FEEC40030F563 /* AppDelegate.swift */,
				C3B2B042250FEEC40030F563 /* SceneDelegate.swift */,
				C3B2B046250FEEC40030F563 /* Main.storyboard */,
				C3B2B04C250FEEC70030F563 /* Assets.xcassets */,
				C3B2B04E250FEEC70030F563 /* LaunchScreen.storyboard */,
				C3B2B051250FEEC70030F563 /* Info.plist */,
				C3B2B049250FEEC40030F563 /* RushangLemonPractical.xcdatamodeld */,
			);
			path = RushangLemonPractical;
			sourceTree = "<group>";
		};
		C3B2B057250FF2630030F563 /* Model */ = {
			isa = PBXGroup;
			children = (
				C3D69BB4251006030014EF06 /* CharactersListModel.swift */,
			);
			path = Model;
			sourceTree = "<group>";
		};
		C3B2B058250FF2630030F563 /* View */ = {
			isa = PBXGroup;
			children = (
				C3D69BAB250FFDD90014EF06 /* CharactersListViewController.swift */,
			);
			path = View;
			sourceTree = "<group>";
		};
		C3B2B059250FF2630030F563 /* ViewModel */ = {
			isa = PBXGroup;
			children = (
				C3D69BAD250FFEFA0014EF06 /* CharactersListViewModel.swift */,
			);
			path = ViewModel;
			sourceTree = "<group>";
		};
		C3D69BAF250FFFB30014EF06 /* Utilities */ = {
			isa = PBXGroup;
			children = (
				C3D69BB0250FFFF30014EF06 /* Constant.swift */,
				C3D69BB2251004FE0014EF06 /* HTTPManager.swift */,
			);
			path = Utilities;
			sourceTree = "<group>";
		};
/* End PBXGroup section */

/* Begin PBXNativeTarget section */
		C3B2B03C250FEEC40030F563 /* RushangLemonPractical */ = {
			isa = PBXNativeTarget;
			buildConfigurationList = C3B2B054250FEEC70030F563 /* Build configuration list for PBXNativeTarget "RushangLemonPractical" */;
			buildPhases = (
				C2B99E0653C04406877D1777 /* [CP] Check Pods Manifest.lock */,
				C3B2B039250FEEC40030F563 /* Sources */,
				C3B2B03A250FEEC40030F563 /* Frameworks */,
				C3B2B03B250FEEC40030F563 /* Resources */,
				1A008C4B34AEA518B9070D6B /* [CP] Embed Pods Frameworks */,
			);
			buildRules = (
			);
			dependencies = (
			);
			name = RushangLemonPractical;
			productName = RushangLemonPractical;
			productReference = C3B2B03D250FEEC40030F563 /* RushangLemonPractical.app */;
			productType = "com.apple.product-type.application";
		};
/* End PBXNativeTarget section */

/* Begin PBXProject section */
		C3B2B035250FEEC40030F563 /* Project object */ = {
			isa = PBXProject;
			attributes = {
				LastSwiftUpdateCheck = 1170;
				LastUpgradeCheck = 1170;
				ORGANIZATIONNAME = Rushang;
				TargetAttributes = {
					C3B2B03C250FEEC40030F563 = {
						CreatedOnToolsVersion = 11.7;
					};
				};
			};
			buildConfigurationList = C3B2B038250FEEC40030F563 /* Build configuration list for PBXProject "RushangLemonPractical" */;
			compatibilityVersion = "Xcode 9.3";
			developmentRegion = en;
			hasScannedForEncodings = 0;
			knownRegions = (
				en,
				Base,
			);
			mainGroup = C3B2B034250FEEC40030F563;
			productRefGroup = C3B2B03E250FEEC40030F563 /* Products */;
			projectDirPath = "";
			projectRoot = "";
			targets = (
				C3B2B03C250FEEC40030F563 /* RushangLemonPractical */,
			);
		};
/* End PBXProject section */

/* Begin PBXResourcesBuildPhase section */
		C3B2B03B250FEEC40030F563 /* Resources */ = {
			isa = PBXResourcesBuildPhase;
			buildActionMask = 2147483647;
			files = (
				C3B2B050250FEEC70030F563 /* LaunchScreen.storyboard in Resources */,
				C3B2B04D250FEEC70030F563 /* Assets.xcassets in Resources */,
				C3B2B048250FEEC40030F563 /* Main.storyboard in Resources */,
			);
			runOnlyForDeploymentPostprocessing = 0;
		};
/* End PBXResourcesBuildPhase section */

/* Begin PBXShellScriptBuildPhase section */
		1A008C4B34AEA518B9070D6B /* [CP] Embed Pods Frameworks */ = {
			isa = PBXShellScriptBuildPhase;
			buildActionMask = 2147483647;
			files = (
			);
			inputFileListPaths = (
				"${PODS_ROOT}/Target Support Files/Pods-RushangLemonPractical/Pods-RushangLemonPractical-frameworks-${CONFIGURATION}-input-files.xcfilelist",
			);
			name = "[CP] Embed Pods Frameworks";
			outputFileListPaths = (
				"${PODS_ROOT}/Target Support Files/Pods-RushangLemonPractical/Pods-RushangLemonPractical-frameworks-${CONFIGURATION}-output-files.xcfilelist",
			);
			runOnlyForDeploymentPostprocessing = 0;
			shellPath = /bin/sh;
			shellScript = "\"${PODS_ROOT}/Target Support Files/Pods-RushangLemonPractical/Pods-RushangLemonPractical-frameworks.sh\"\n";
			showEnvVarsInLog = 0;
		};
		C2B99E0653C04406877D1777 /* [CP] Check Pods Manifest.lock */ = {
			isa = PBXShellScriptBuildPhase;
			buildActionMask = 2147483647;
			files = (
			);
			inputFileListPaths = (
			);
			inputPaths = (
				"${PODS_PODFILE_DIR_PATH}/Podfile.lock",
				"${PODS_ROOT}/Manifest.lock",
			);
			name = "[CP] Check Pods Manifest.lock";
			outputFileListPaths = (
			);
			outputPaths = (
				"$(DERIVED_FILE_DIR)/Pods-RushangLemonPractical-checkManifestLockResult.txt",
			);
			runOnlyForDeploymentPostprocessing = 0;
			shellPath = /bin/sh;
			shellScript = "diff \"${PODS_PODFILE_DIR_PATH}/Podfile.lock\" \"${PODS_ROOT}/Manifest.lock\" > /dev/null\nif [ $? != 0 ] ; then\n    # print error to STDERR\n    echo \"error: The sandbox is not in sync with the Podfile.lock. Run 'pod install' or update your CocoaPods installation.\" >&2\n    exit 1\nfi\n# This output is used by Xcode 'outputs' to avoid re-running this script phase.\necho \"SUCCESS\" > \"${SCRIPT_OUTPUT_FILE_0}\"\n";
			showEnvVarsInLog = 0;
		};
/* End PBXShellScriptBuildPhase section */

/* Begin PBXSourcesBuildPhase section */
		C3B2B039250FEEC40030F563 /* Sources */ = {
			isa = PBXSourcesBuildPhase;
			buildActionMask = 2147483647;
			files = (
				C3D69BB3251004FE0014EF06 /* HTTPManager.swift in Sources */,
				C3D69BB5251006030014EF06 /* CharactersListModel.swift in Sources */,
				C3D69BAC250FFDD90014EF06 /* CharactersListViewController.swift in Sources */,
				C3B2B04B250FEEC40030F563 /* RushangLemonPractical.xcdatamodeld in Sources */,
				C3B2B041250FEEC40030F563 /* AppDelegate.swift in Sources */,
				C3B2B043250FEEC40030F563 /* SceneDelegate.swift in Sources */,
				C3D69BAE250FFEFA0014EF06 /* CharactersListViewModel.swift in Sources */,
				C3D69BB1250FFFF30014EF06 /* Constant.swift in Sources */,
			);
			runOnlyForDeploymentPostprocessing = 0;
		};
/* End PBXSourcesBuildPhase section */

/* Begin PBXVariantGroup section */
		C3B2B046250FEEC40030F563 /* Main.storyboard */ = {
			isa = PBXVariantGroup;
			children = (
				C3B2B047250FEEC40030F563 /* Base */,
			);
			name = Main.storyboard;
			sourceTree = "<group>";
		};
		C3B2B04E250FEEC70030F563 /* LaunchScreen.storyboard */ = {
			isa = PBXVariantGroup;
			children = (
				C3B2B04F250FEEC70030F563 /* Base */,
			);
			name = LaunchScreen.storyboard;
			sourceTree = "<group>";
		};
/* End PBXVariantGroup section */

/* Begin XCBuildConfiguration section */
		C3B2B052250FEEC70030F563 /* Debug */ = {
			isa = XCBuildConfiguration;
			buildSettings = {
				ALWAYS_SEARCH_USER_PATHS = NO;
				CLANG_ANALYZER_NONNULL = YES;
				CLANG_ANALYZER_NUMBER_OBJECT_CONVERSION = YES_AGGRESSIVE;
				CLANG_CXX_LANGUAGE_STANDARD = "gnu++14";
				CLANG_CXX_LIBRARY = "libc++";
				CLANG_ENABLE_MODULES = YES;
				CLANG_ENABLE_OBJC_ARC = YES;
				CLANG_ENABLE_OBJC_WEAK = YES;
				CLANG_WARN_BLOCK_CAPTURE_AUTORELEASING = YES;
				CLANG_WARN_BOOL_CONVERSION = YES;
				CLANG_WARN_COMMA = YES;
				CLANG_WARN_CONSTANT_CONVERSION = YES;
				CLANG_WARN_DEPRECATED_OBJC_IMPLEMENTATIONS = YES;
				CLANG_WARN_DIRECT_OBJC_ISA_USAGE = YES_ERROR;
				CLANG_WARN_DOCUMENTATION_COMMENTS = YES;
				CLANG_WARN_EMPTY_BODY = YES;
				CLANG_WARN_ENUM_CONVERSION = YES;
				CLANG_WARN_INFINITE_RECURSION = YES;
				CLANG_WARN_INT_CONVERSION = YES;
				CLANG_WARN_NON_LITERAL_NULL_CONVERSION = YES;
				CLANG_WARN_OBJC_IMPLICIT_RETAIN_SELF = YES;
				CLANG_WARN_OBJC_LITERAL_CONVERSION = YES;
				CLANG_WARN_OBJC_ROOT_CLASS = YES_ERROR;
				CLANG_WARN_RANGE_LOOP_ANALYSIS = YES;
				CLANG_WARN_STRICT_PROTOTYPES = YES;
				CLANG_WARN_SUSPICIOUS_MOVE = YES;
				CLANG_WARN_UNGUARDED_AVAILABILITY = YES_AGGRESSIVE;
				CLANG_WARN_UNREACHABLE_CODE = YES;
				CLANG_WARN__DUPLICATE_METHOD_MATCH = YES;
				COPY_PHASE_STRIP = NO;
				DEBUG_INFORMATION_FORMAT = dwarf;
				ENABLE_STRICT_OBJC_MSGSEND = YES;
				ENABLE_TESTABILITY = YES;
				GCC_C_LANGUAGE_STANDARD = gnu11;
				GCC_DYNAMIC_NO_PIC = NO;
				GCC_NO_COMMON_BLOCKS = YES;
				GCC_OPTIMIZATION_LEVEL = 0;
				GCC_PREPROCESSOR_DEFINITIONS = (
					"DEBUG=1",
					"$(inherited)",
				);
				GCC_WARN_64_TO_32_BIT_CONVERSION = YES;
				GCC_WARN_ABOUT_RETURN_TYPE = YES_ERROR;
				GCC_WARN_UNDECLARED_SELECTOR = YES;
				GCC_WARN_UNINITIALIZED_AUTOS = YES_AGGRESSIVE;
				GCC_WARN_UNUSED_FUNCTION = YES;
				GCC_WARN_UNUSED_VARIABLE = YES;
				IPHONEOS_DEPLOYMENT_TARGET = 13.7;
				MTL_ENABLE_DEBUG_INFO = INCLUDE_SOURCE;
				MTL_FAST_MATH = YES;
				ONLY_ACTIVE_ARCH = YES;
				SDKROOT = iphoneos;
				SWIFT_ACTIVE_COMPILATION_CONDITIONS = DEBUG;
				SWIFT_OPTIMIZATION_LEVEL = "-Onone";
			};
			name = Debug;
		};
		C3B2B053250FEEC70030F563 /* Release */ = {
			isa = XCBuildConfiguration;
			buildSettings = {
				ALWAYS_SEARCH_USER_PATHS = NO;
				CLANG_ANALYZER_NONNULL = YES;
				CLANG_ANALYZER_NUMBER_OBJECT_CONVERSION = YES_AGGRESSIVE;
				CLANG_CXX_LANGUAGE_STANDARD = "gnu++14";
				CLANG_CXX_LIBRARY = "libc++";
				CLANG_ENABLE_MODULES = YES;
				CLANG_ENABLE_OBJC_ARC = YES;
				CLANG_ENABLE_OBJC_WEAK = YES;
				CLANG_WARN_BLOCK_CAPTURE_AUTORELEASING = YES;
				CLANG_WARN_BOOL_CONVERSION = YES;
				CLANG_WARN_COMMA = YES;
				CLANG_WARN_CONSTANT_CONVERSION = YES;
				CLANG_WARN_DEPRECATED_OBJC_IMPLEMENTATIONS = YES;
				CLANG_WARN_DIRECT_OBJC_ISA_USAGE = YES_ERROR;
				CLANG_WARN_DOCUMENTATION_COMMENTS = YES;
				CLANG_WARN_EMPTY_BODY = YES;
				CLANG_WARN_ENUM_CONVERSION = YES;
				CLANG_WARN_INFINITE_RECURSION = YES;
				CLANG_WARN_INT_CONVERSION = YES;
				CLANG_WARN_NON_LITERAL_NULL_CONVERSION = YES;
				CLANG_WARN_OBJC_IMPLICIT_RETAIN_SELF = YES;
				CLANG_WARN_OBJC_LITERAL_CONVERSION = YES;
				CLANG_WARN_OBJC_ROOT_CLASS = YES_ERROR;
				CLANG_WARN_RANGE_LOOP_ANALYSIS = YES;
				CLANG_WARN_STRICT_PROTOTYPES = YES;
				CLANG_WARN_SUSPICIOUS_MOVE = YES;
				CLANG_WARN_UNGUARDED_AVAILABILITY = YES_AGGRESSIVE;
				CLANG_WARN_UNREACHABLE_CODE = YES;
				CLANG_WARN__DUPLICATE_METHOD_MATCH = YES;
				COPY_PHASE_STRIP = NO;
				DEBUG_INFORMATION_FORMAT = "dwarf-with-dsym";
				ENABLE_NS_ASSERTIONS = NO;
				ENABLE_STRICT_OBJC_MSGSEND = YES;
				GCC_C_LANGUAGE_STANDARD = gnu11;
				GCC_NO_COMMON_BLOCKS = YES;
				GCC_WARN_64_TO_32_BIT_CONVERSION = YES;
				GCC_WARN_ABOUT_RETURN_TYPE = YES_ERROR;
				GCC_WARN_UNDECLARED_SELECTOR = YES;
				GCC_WARN_UNINITIALIZED_AUTOS = YES_AGGRESSIVE;
				GCC_WARN_UNUSED_FUNCTION = YES;
				GCC_WARN_UNUSED_VARIABLE = YES;
				IPHONEOS_DEPLOYMENT_TARGET = 13.7;
				MTL_ENABLE_DEBUG_INFO = NO;
				MTL_FAST_MATH = YES;
				SDKROOT = iphoneos;
				SWIFT_COMPILATION_MODE = wholemodule;
				SWIFT_OPTIMIZATION_LEVEL = "-O";
				VALIDATE_PRODUCT = YES;
			};
			name = Release;
		};
		C3B2B055250FEEC70030F563 /* Debug */ = {
			isa = XCBuildConfiguration;
			baseConfigurationReference = 3CA769CE98A951F22ED6903D /* Pods-RushangLemonPractical.debug.xcconfig */;
			buildSettings = {
				ASSETCATALOG_COMPILER_APPICON_NAME = AppIcon;
				CODE_SIGN_STYLE = Automatic;
				DEVELOPMENT_TEAM = 6A4WM56E75;
				INFOPLIST_FILE = RushangLemonPractical/Info.plist;
				LD_RUNPATH_SEARCH_PATHS = (
					"$(inherited)",
					"@executable_path/Frameworks",
				);
				PRODUCT_BUNDLE_IDENTIFIER = com.rushang.lemonapp;
				PRODUCT_NAME = "$(TARGET_NAME)";
				SWIFT_VERSION = 5.0;
				TARGETED_DEVICE_FAMILY = "1,2";
			};
			name = Debug;
		};
		C3B2B056250FEEC70030F563 /* Release */ = {
			isa = XCBuildConfiguration;
			baseConfigurationReference = 46B86F8BD201365B12210E8B /* Pods-RushangLemonPractical.release.xcconfig */;
			buildSettings = {
				ASSETCATALOG_COMPILER_APPICON_NAME = AppIcon;
				CODE_SIGN_STYLE = Automatic;
				DEVELOPMENT_TEAM = 6A4WM56E75;
				INFOPLIST_FILE = RushangLemonPractical/Info.plist;
				LD_RUNPATH_SEARCH_PATHS = (
					"$(inherited)",
					"@executable_path/Frameworks",
				);
				PRODUCT_BUNDLE_IDENTIFIER = com.rushang.lemonapp;
				PRODUCT_NAME = "$(TARGET_NAME)";
				SWIFT_VERSION = 5.0;
				TARGETED_DEVICE_FAMILY = "1,2";
			};
			name = Release;
		};
/* End XCBuildConfiguration section */

/* Begin XCConfigurationList section */
		C3B2B038250FEEC40030F563 /* Build configuration list for PBXProject "RushangLemonPractical" */ = {
			isa = XCConfigurationList;
			buildConfigurations = (
				C3B2B052250FEEC70030F563 /* Debug */,
				C3B2B053250FEEC70030F563 /* Release */,
			);
			defaultConfigurationIsVisible = 0;
			defaultConfigurationName = Release;
		};
		C3B2B054250FEEC70030F563 /* Build configuration list for PBXNativeTarget "RushangLemonPractical" */ = {
			isa = XCConfigurationList;
			buildConfigurations = (
				C3B2B055250FEEC70030F563 /* Debug */,
				C3B2B056250FEEC70030F563 /* Release */,
			);
			defaultConfigurationIsVisible = 0;
			defaultConfigurationName = Release;
		};
/* End XCConfigurationList section */

/* Begin XCVersionGroup section */
		C3B2B049250FEEC40030F563 /* RushangLemonPractical.xcdatamodeld */ = {
			isa = XCVersionGroup;
			children = (
				C3B2B04A250FEEC40030F563 /* RushangLemonPractical.xcdatamodel */,
			);
			currentVersion = C3B2B04A250FEEC40030F563 /* RushangLemonPractical.xcdatamodel */;
			path = RushangLemonPractical.xcdatamodeld;
			sourceTree = "<group>";
			versionGroupType = wrapper.xcdatamodel;
		};
/* End XCVersionGroup section */
	};
	rootObject = C3B2B035250FEEC40030F563 /* Project object */;
}
